
Microsoft Visual Studio Solution File, Format Version 12.00
# Visual Studio Version 17
VisualStudioVersion = 17.5.002.0
MinimumVisualStudioVersion = 10.0.40219.1
Project("{9A19103F-16F7-4668-BE54-9A1E7A4F7556}") = "CP4.5", "CP4.5.csproj", "{D079CD63-0E1B-4452-861C-DE0FAB9F16B7}"
EndProject
Global
	GlobalSection(SolutionConfigurationPlatforms) = preSolution
		Debug|Any CPU = Debug|Any CPU
		Release|Any CPU = Release|Any CPU
	EndGlobalSection
	GlobalSection(ProjectConfigurationPlatforms) = postSolution
		{D079CD63-0E1B-4452-861C-DE0FAB9F16B7}.Debug|Any CPU.ActiveCfg = Debug|Any CPU
		{D079CD63-0E1B-4452-861C-DE0FAB9F16B7}.Debug|Any CPU.Build.0 = Debug|Any CPU
		{D079CD63-0E1B-4452-861C-DE0FAB9F16B7}.Release|Any CPU.ActiveCfg = Release|Any CPU
		{D079CD63-0E1B-4452-861C-DE0FAB9F16B7}.Release|Any CPU.Build.0 = Release|Any CPU
	EndGlobalSection
	GlobalSection(SolutionProperties) = preSolution
		HideSolutionNode = FALSE
	EndGlobalSection
	GlobalSection(ExtensibilityGlobals) = postSolution
		SolutionGuid = {EC3A9E52-1F30-4F02-A830-6F299AAF9C31}
	EndGlobalSection
EndGlobal
